
Microsoft Visual Studio Solution File, Format Version 12.00
# Visual Studio Version 17
VisualStudioVersion = 17.11.35327.3
MinimumVisualStudioVersion = 10.0.40219.1
Project("{2150E333-8FDC-42A3-9474-1A3956D46DE8}") = "src", "src", "{86017DCD-E86A-4392-8501-51FAC572CA98}"
EndProject
Project("{FAE04EC0-301F-11D3-BF4B-00C04F79EFBC}") = "API", "API\API.csproj", "{D8A859E9-E718-4B45-BFEB-E24CE2E38639}"
EndProject
Global
	GlobalSection(SolutionConfigurationPlatforms) = preSolution
		Debug|Any CPU = Debug|Any CPU
		Release|Any CPU = Release|Any CPU
	EndGlobalSection
	GlobalSection(ProjectConfigurationPlatforms) = postSolution
		{D8A859E9-E718-4B45-BFEB-E24CE2E38639}.Debug|Any CPU.ActiveCfg = Debug|Any CPU
		{D8A859E9-E718-4B45-BFEB-E24CE2E38639}.Debug|Any CPU.Build.0 = Debug|Any CPU
		{D8A859E9-E718-4B45-BFEB-E24CE2E38639}.Release|Any CPU.ActiveCfg = Release|Any CPU
		{D8A859E9-E718-4B45-BFEB-E24CE2E38639}.Release|Any CPU.Build.0 = Release|Any CPU
	EndGlobalSection
	GlobalSection(SolutionProperties) = preSolution
		HideSolutionNode = FALSE
	EndGlobalSection
	GlobalSection(NestedProjects) = preSolution
		{D8A859E9-E718-4B45-BFEB-E24CE2E38639} = {86017DCD-E86A-4392-8501-51FAC572CA98}
	EndGlobalSection
	GlobalSection(ExtensibilityGlobals) = postSolution
		SolutionGuid = {443691E2-5CC6-44C3-91EF-DE50C2455091}
	EndGlobalSection
EndGlobal
